
Microsoft Visual Studio Solution File, Format Version 12.00
# Visual Studio Version 18
VisualStudioVersion = 18.6.11822.322 stable
MinimumVisualStudioVersion = 10.0.40219.1
Project("{FAE04EC0-301F-11D3-BF4B-00C04F79EFBC}") = "Legal", "Legal.csproj", "{26082555-DFE0-121A-AD80-4C770075E797}"
EndProject
Global
	GlobalSection(SolutionConfigurationPlatforms) = preSolution
		Debug|Any CPU = Debug|Any CPU
		Release|Any CPU = Release|Any CPU
	EndGlobalSection
	GlobalSection(ProjectConfigurationPlatforms) = postSolution
		{26082555-DFE0-121A-AD80-4C770075E797}.Debug|Any CPU.ActiveCfg = Debug|Any CPU
		{26082555-DFE0-121A-AD80-4C770075E797}.Debug|Any CPU.Build.0 = Debug|Any CPU
		{26082555-DFE0-121A-AD80-4C770075E797}.Release|Any CPU.ActiveCfg = Release|Any CPU
		{26082555-DFE0-121A-AD80-4C770075E797}.Release|Any CPU.Build.0 = Release|Any CPU
	EndGlobalSection
	GlobalSection(SolutionProperties) = preSolution
		HideSolutionNode = FALSE
	EndGlobalSection
	GlobalSection(ExtensibilityGlobals) = postSolution
		SolutionGuid = {C2168229-5E0F-4FD8-828C-CFF265CB1D08}
	EndGlobalSection
EndGlobal
